
Microsoft Visual Studio Solution File, Format Version 12.00
# Visual Studio Version 16
VisualStudioVersion = 16.0.30320.27
MinimumVisualStudioVersion = 10.0.40219.1
Project("{9A19103F-16F7-4668-BE54-9A1E7A4F7556}") = "ShopBridge", "ShopBridge\ShopBridge.csproj", "{0A28FFD2-B6ED-4EED-A955-F197A39B285E}"
	ProjectSection(ProjectDependencies) = postProject
		{33E42E63-8AE9-423E-BDF8-F906C5D55510} = {33E42E63-8AE9-423E-BDF8-F906C5D55510}
		{32989967-443B-44F3-8E1C-9C8CAAA66943} = {32989967-443B-44F3-8E1C-9C8CAAA66943}
		{3771E3BB-53A1-414A-8621-6348B717D2A1} = {3771E3BB-53A1-414A-8621-6348B717D2A1}
	EndProjectSection
EndProject
Project("{FAE04EC0-301F-11D3-BF4B-00C04F79EFBC}") = "Shopbridge.Models", "Shopbridge.Models\Shopbridge.Models.csproj", "{33E42E63-8AE9-423E-BDF8-F906C5D55510}"
EndProject
Project("{FAE04EC0-301F-11D3-BF4B-00C04F79EFBC}") = "Shopbridge.Database", "Shopbridge.Database\Shopbridge.Database.csproj", "{3771E3BB-53A1-414A-8621-6348B717D2A1}"
	ProjectSection(ProjectDependencies) = postProject
		{33E42E63-8AE9-423E-BDF8-F906C5D55510} = {33E42E63-8AE9-423E-BDF8-F906C5D55510}
	EndProjectSection
EndProject
Project("{FAE04EC0-301F-11D3-BF4B-00C04F79EFBC}") = "ShopBridge.Application", "ShopBridge.Application\ShopBridge.Application.csproj", "{32989967-443B-44F3-8E1C-9C8CAAA66943}"
EndProject
Project("{FAE04EC0-301F-11D3-BF4B-00C04F79EFBC}") = "ShopBridge.Contracts", "ShopBridge.Contracts\ShopBridge.Contracts.csproj", "{EB3FC715-C176-4E69-9FAA-86399098C02F}"
EndProject
Global
	GlobalSection(SolutionConfigurationPlatforms) = preSolution
		Debug|Any CPU = Debug|Any CPU
		Release|Any CPU = Release|Any CPU
	EndGlobalSection
	GlobalSection(ProjectConfigurationPlatforms) = postSolution
		{0A28FFD2-B6ED-4EED-A955-F197A39B285E}.Debug|Any CPU.ActiveCfg = Debug|Any CPU
		{0A28FFD2-B6ED-4EED-A955-F197A39B285E}.Debug|Any CPU.Build.0 = Debug|Any CPU
		{0A28FFD2-B6ED-4EED-A955-F197A39B285E}.Release|Any CPU.ActiveCfg = Release|Any CPU
		{0A28FFD2-B6ED-4EED-A955-F197A39B285E}.Release|Any CPU.Build.0 = Release|Any CPU
		{33E42E63-8AE9-423E-BDF8-F906C5D55510}.Debug|Any CPU.ActiveCfg = Debug|Any CPU
		{33E42E63-8AE9-423E-BDF8-F906C5D55510}.Debug|Any CPU.Build.0 = Debug|Any CPU
		{33E42E63-8AE9-423E-BDF8-F906C5D55510}.Release|Any CPU.ActiveCfg = Release|Any CPU
		{33E42E63-8AE9-423E-BDF8-F906C5D55510}.Release|Any CPU.Build.0 = Release|Any CPU
		{3771E3BB-53A1-414A-8621-6348B717D2A1}.Debug|Any CPU.ActiveCfg = Debug|Any CPU
		{3771E3BB-53A1-414A-8621-6348B717D2A1}.Debug|Any CPU.Build.0 = Debug|Any CPU
		{3771E3BB-53A1-414A-8621-6348B717D2A1}.Release|Any CPU.ActiveCfg = Release|Any CPU
		{3771E3BB-53A1-414A-8621-6348B717D2A1}.Release|Any CPU.Build.0 = Release|Any CPU
		{32989967-443B-44F3-8E1C-9C8CAAA66943}.Debug|Any CPU.ActiveCfg = Debug|Any CPU
		{32989967-443B-44F3-8E1C-9C8CAAA66943}.Debug|Any CPU.Build.0 = Debug|Any CPU
		{32989967-443B-44F3-8E1C-9C8CAAA66943}.Release|Any CPU.ActiveCfg = Release|Any CPU
		{32989967-443B-44F3-8E1C-9C8CAAA66943}.Release|Any CPU.Build.0 = Release|Any CPU
		{EB3FC715-C176-4E69-9FAA-86399098C02F}.Debug|Any CPU.ActiveCfg = Debug|Any CPU
		{EB3FC715-C176-4E69-9FAA-86399098C02F}.Debug|Any CPU.Build.0 = Debug|Any CPU
		{EB3FC715-C176-4E69-9FAA-86399098C02F}.Release|Any CPU.ActiveCfg = Release|Any CPU
		{EB3FC715-C176-4E69-9FAA-86399098C02F}.Release|Any CPU.Build.0 = Release|Any CPU
	EndGlobalSection
	GlobalSection(SolutionProperties) = preSolution
		HideSolutionNode = FALSE
	EndGlobalSection
	GlobalSection(ExtensibilityGlobals) = postSolution
		SolutionGuid = {FA0F8738-C8A5-4ED5-92EC-E76A590E1517}
	EndGlobalSection
EndGlobal
